
Microsoft Visual Studio Solution File, Format Version 12.00
# Visual Studio 15
VisualStudioVersion = 15.0.26124.0
MinimumVisualStudioVersion = 15.0.26124.0
Project("{2150E333-8FDC-42A3-9474-1A3956D46DE8}") = "src", "src", "{B3FCB24B-C85E-4B87-8D2A-C500672BCF2B}"
EndProject
Project("{FAE04EC0-301F-11D3-BF4B-00C04F79EFBC}") = "CaixaEletronico.Core", "src\CaixaEletronico.Core\CaixaEletronico.Core.csproj", "{CD5F81CA-75D7-4CE7-ACC7-2BFC57034459}"
EndProject
Project("{FAE04EC0-301F-11D3-BF4B-00C04F79EFBC}") = "CaixaEletronico.Presenter", "src\CaixaEletronico.Presenter\CaixaEletronico.Presenter.csproj", "{86CB4F2F-5780-43FB-BC4E-97F952614708}"
EndProject
Project("{2150E333-8FDC-42A3-9474-1A3956D46DE8}") = "tests", "tests", "{C951C615-49BD-46AC-8338-9852D3D209FF}"
EndProject
Project("{FAE04EC0-301F-11D3-BF4B-00C04F79EFBC}") = "CaixaEletronico.tests.UnitTests", "tests\CaixaEletronico.tests.UnitTests\CaixaEletronico.tests.UnitTests.csproj", "{6F6CD3E7-ECB9-4BD2-9620-2230232EFE25}"
EndProject
Global
	GlobalSection(SolutionConfigurationPlatforms) = preSolution
		Debug|Any CPU = Debug|Any CPU
		Debug|x64 = Debug|x64
		Debug|x86 = Debug|x86
		Release|Any CPU = Release|Any CPU
		Release|x64 = Release|x64
		Release|x86 = Release|x86
	EndGlobalSection
	GlobalSection(SolutionProperties) = preSolution
		HideSolutionNode = FALSE
	EndGlobalSection
	GlobalSection(ProjectConfigurationPlatforms) = postSolution
		{CD5F81CA-75D7-4CE7-ACC7-2BFC57034459}.Debug|Any CPU.ActiveCfg = Debug|Any CPU
		{CD5F81CA-75D7-4CE7-ACC7-2BFC57034459}.Debug|Any CPU.Build.0 = Debug|Any CPU
		{CD5F81CA-75D7-4CE7-ACC7-2BFC57034459}.Debug|x64.ActiveCfg = Debug|x64
		{CD5F81CA-75D7-4CE7-ACC7-2BFC57034459}.Debug|x64.Build.0 = Debug|x64
		{CD5F81CA-75D7-4CE7-ACC7-2BFC57034459}.Debug|x86.ActiveCfg = Debug|x86
		{CD5F81CA-75D7-4CE7-ACC7-2BFC57034459}.Debug|x86.Build.0 = Debug|x86
		{CD5F81CA-75D7-4CE7-ACC7-2BFC57034459}.Release|Any CPU.ActiveCfg = Release|Any CPU
		{CD5F81CA-75D7-4CE7-ACC7-2BFC57034459}.Release|Any CPU.Build.0 = Release|Any CPU
		{CD5F81CA-75D7-4CE7-ACC7-2BFC57034459}.Release|x64.ActiveCfg = Release|x64
		{CD5F81CA-75D7-4CE7-ACC7-2BFC57034459}.Release|x64.Build.0 = Release|x64
		{CD5F81CA-75D7-4CE7-ACC7-2BFC57034459}.Release|x86.ActiveCfg = Release|x86
		{CD5F81CA-75D7-4CE7-ACC7-2BFC57034459}.Release|x86.Build.0 = Release|x86
		{86CB4F2F-5780-43FB-BC4E-97F952614708}.Debug|Any CPU.ActiveCfg = Debug|Any CPU
		{86CB4F2F-5780-43FB-BC4E-97F952614708}.Debug|Any CPU.Build.0 = Debug|Any CPU
		{86CB4F2F-5780-43FB-BC4E-97F952614708}.Debug|x64.ActiveCfg = Debug|x64
		{86CB4F2F-5780-43FB-BC4E-97F952614708}.Debug|x64.Build.0 = Debug|x64
		{86CB4F2F-5780-43FB-BC4E-97F952614708}.Debug|x86.ActiveCfg = Debug|x86
		{86CB4F2F-5780-43FB-BC4E-97F952614708}.Debug|x86.Build.0 = Debug|x86
		{86CB4F2F-5780-43FB-BC4E-97F952614708}.Release|Any CPU.ActiveCfg = Release|Any CPU
		{86CB4F2F-5780-43FB-BC4E-97F952614708}.Release|Any CPU.Build.0 = Release|Any CPU
		{86CB4F2F-5780-43FB-BC4E-97F952614708}.Release|x64.ActiveCfg = Release|x64
		{86CB4F2F-5780-43FB-BC4E-97F952614708}.Release|x64.Build.0 = Release|x64
		{86CB4F2F-5780-43FB-BC4E-97F952614708}.Release|x86.ActiveCfg = Release|x86
		{86CB4F2F-5780-43FB-BC4E-97F952614708}.Release|x86.Build.0 = Release|x86
		{6F6CD3E7-ECB9-4BD2-9620-2230232EFE25}.Debug|Any CPU.ActiveCfg = Debug|Any CPU
		{6F6CD3E7-ECB9-4BD2-9620-2230232EFE25}.Debug|Any CPU.Build.0 = Debug|Any CPU
		{6F6CD3E7-ECB9-4BD2-9620-2230232EFE25}.Debug|x64.ActiveCfg = Debug|x64
		{6F6CD3E7-ECB9-4BD2-9620-2230232EFE25}.Debug|x64.Build.0 = Debug|x64
		{6F6CD3E7-ECB9-4BD2-9620-2230232EFE25}.Debug|x86.ActiveCfg = Debug|x86
		{6F6CD3E7-ECB9-4BD2-9620-2230232EFE25}.Debug|x86.Build.0 = Debug|x86
		{6F6CD3E7-ECB9-4BD2-9620-2230232EFE25}.Release|Any CPU.ActiveCfg = Release|Any CPU
		{6F6CD3E7-ECB9-4BD2-9620-2230232EFE25}.Release|Any CPU.Build.0 = Release|Any CPU
		{6F6CD3E7-ECB9-4BD2-9620-2230232EFE25}.Release|x64.ActiveCfg = Release|x64
		{6F6CD3E7-ECB9-4BD2-9620-2230232EFE25}.Release|x64.Build.0 = Release|x64
		{6F6CD3E7-ECB9-4BD2-9620-2230232EFE25}.Release|x86.ActiveCfg = Release|x86
		{6F6CD3E7-ECB9-4BD2-9620-2230232EFE25}.Release|x86.Build.0 = Release|x86
	EndGlobalSection
	GlobalSection(NestedProjects) = preSolution
		{CD5F81CA-75D7-4CE7-ACC7-2BFC57034459} = {B3FCB24B-C85E-4B87-8D2A-C500672BCF2B}
		{86CB4F2F-5780-43FB-BC4E-97F952614708} = {B3FCB24B-C85E-4B87-8D2A-C500672BCF2B}
		{6F6CD3E7-ECB9-4BD2-9620-2230232EFE25} = {C951C615-49BD-46AC-8338-9852D3D209FF}
	EndGlobalSection
EndGlobal
